// !$*UTF8*$!
{
	archiveVersion = 1;
	classes = {
	};
	objectVersion = 55;
	objects = {

/* Begin PBXBuildFile section */
		1B601616279F142C009A27ED /* WalletAssetTableViewCell.swift in Sources */ = {isa = PBXBuildFile; fileRef = 1B601615279F142C009A27ED /* WalletAssetTableViewCell.swift */; };
		1B601619279F1728009A27ED /* AssetType.swift in Sources */ = {isa = PBXBuildFile; fileRef = 1B601618279F1728009A27ED /* AssetType.swift */; };
		1B60161D279F6FB6009A27ED /* UIView+Shadow.swift in Sources */ = {isa = PBXBuildFile; fileRef = 1B60161C279F6FB6009A27ED /* UIView+Shadow.swift */; };
		1B601622279F753E009A27ED /* SplashViewController.swift in Sources */ = {isa = PBXBuildFile; fileRef = 1B601621279F753E009A27ED /* SplashViewController.swift */; };
		1B60162727A09DD7009A27ED /* Readme.md in Resources */ = {isa = PBXBuildFile; fileRef = 1B60162627A09DD7009A27ED /* Readme.md */; };
		1B61D7CA279CC0A40035581E /* Commodity.swift in Sources */ = {isa = PBXBuildFile; fileRef = 1B61D7C9279CC0A40035581E /* Commodity.swift */; };
		1B61D7CD279CC1570035581E /* Fiat.swift in Sources */ = {isa = PBXBuildFile; fileRef = 1B61D7CC279CC1570035581E /* Fiat.swift */; };
		1B61D7CF279CC17A0035581E /* AssetInterface.swift in Sources */ = {isa = PBXBuildFile; fileRef = 1B61D7CE279CC17A0035581E /* AssetInterface.swift */; };
		1B61D7D1279CC1AA0035581E /* WalletInterface.swift in Sources */ = {isa = PBXBuildFile; fileRef = 1B61D7D0279CC1AA0035581E /* WalletInterface.swift */; };
		1B61D7D3279CC1F20035581E /* CommodityWallet.swift in Sources */ = {isa = PBXBuildFile; fileRef = 1B61D7D2279CC1F20035581E /* CommodityWallet.swift */; };
		1B61D7DC279CF5DA0035581E /* FiatWallet.swift in Sources */ = {isa = PBXBuildFile; fileRef = 1B61D7DB279CF5DA0035581E /* FiatWallet.swift */; };
		1B750A8B279A0393002F92BE /* AppDelegate.swift in Sources */ = {isa = PBXBuildFile; fileRef = 1B750A8A279A0393002F92BE /* AppDelegate.swift */; };
		1B750A8D279A0393002F92BE /* SceneDelegate.swift in Sources */ = {isa = PBXBuildFile; fileRef = 1B750A8C279A0393002F92BE /* SceneDelegate.swift */; };
		1B750A94279A0394002F92BE /* Assets.xcassets in Resources */ = {isa = PBXBuildFile; fileRef = 1B750A93279A0394002F92BE /* Assets.xcassets */; };
		1B750A97279A0394002F92BE /* LaunchScreen.storyboard in Resources */ = {isa = PBXBuildFile; fileRef = 1B750A95279A0394002F92BE /* LaunchScreen.storyboard */; };
		1B750AA2279A0394002F92BE /* Bitpanda_TaskTests.swift in Sources */ = {isa = PBXBuildFile; fileRef = 1B750AA1279A0394002F92BE /* Bitpanda_TaskTests.swift */; };
		1B750ABB279A0633002F92BE /* TabBarController.swift in Sources */ = {isa = PBXBuildFile; fileRef = 1B750ABA279A0633002F92BE /* TabBarController.swift */; };
		1B750ABD279A1129002F92BE /* DataManager.swift in Sources */ = {isa = PBXBuildFile; fileRef = 1B750ABC279A1129002F92BE /* DataManager.swift */; };
		1B750ABF279A220B002F92BE /* Mastrerdata.json in Resources */ = {isa = PBXBuildFile; fileRef = 1B750ABE279A220B002F92BE /* Mastrerdata.json */; };
		1B750AC1279B0369002F92BE /* UserData.swift in Sources */ = {isa = PBXBuildFile; fileRef = 1B750AC0279B0369002F92BE /* UserData.swift */; };
		1B750AC3279B03AC002F92BE /* AssetsViewController.swift in Sources */ = {isa = PBXBuildFile; fileRef = 1B750AC2279B03AC002F92BE /* AssetsViewController.swift */; };
		1B750AC5279B0DEA002F92BE /* AssetTableViewCell.swift in Sources */ = {isa = PBXBuildFile; fileRef = 1B750AC4279B0DEA002F92BE /* AssetTableViewCell.swift */; };
		1B79B199279B1455009D6E3F /* Kingfisher in Frameworks */ = {isa = PBXBuildFile; productRef = 1B79B198279B1455009D6E3F /* Kingfisher */; };
		1B79B19C279B1A71009D6E3F /* PocketSVG in Frameworks */ = {isa = PBXBuildFile; productRef = 1B79B19B279B1A71009D6E3F /* PocketSVG */; };
		1B79B19E279B1ACD009D6E3F /* SVGProcessor.swift in Sources */ = {isa = PBXBuildFile; fileRef = 1B79B19D279B1ACD009D6E3F /* SVGProcessor.swift */; };
		1BB64FB7279D9C5B00929CB9 /* SearchableTableViewController.swift in Sources */ = {isa = PBXBuildFile; fileRef = 1BB64FB6279D9C5B00929CB9 /* SearchableTableViewController.swift */; };
		1BB64FBA279DA07600929CB9 /* SearchableDataSource.swift in Sources */ = {isa = PBXBuildFile; fileRef = 1BB64FB9279DA07600929CB9 /* SearchableDataSource.swift */; };
		1BB64FBC279DA0FD00929CB9 /* WalletListDataSource.swift in Sources */ = {isa = PBXBuildFile; fileRef = 1BB64FBB279DA0FD00929CB9 /* WalletListDataSource.swift */; };
		1BB64FC4279DBBC500929CB9 /* WalletsViewController.swift in Sources */ = {isa = PBXBuildFile; fileRef = 1BB64FC3279DBBC500929CB9 /* WalletsViewController.swift */; };
		1BB64FC8279DE95500929CB9 /* WalletTypeCardView.swift in Sources */ = {isa = PBXBuildFile; fileRef = 1BB64FC7279DE95500929CB9 /* WalletTypeCardView.swift */; };
		1BE7B8A8279B3687007C5E6A /* AssetListDataSource.swift in Sources */ = {isa = PBXBuildFile; fileRef = 1BE7B8A7279B3687007C5E6A /* AssetListDataSource.swift */; };
		1BE7B8AA279B4B17007C5E6A /* AppColors.swift in Sources */ = {isa = PBXBuildFile; fileRef = 1BE7B8A9279B4B17007C5E6A /* AppColors.swift */; };
		1BE7B8AE279B850D007C5E6A /* DataFormatter.swift in Sources */ = {isa = PBXBuildFile; fileRef = 1BE7B8AD279B850D007C5E6A /* DataFormatter.swift */; };
		1BE7B8B5279BA034007C5E6A /* WalletListViewController.swift in Sources */ = {isa = PBXBuildFile; fileRef = 1BE7B8B4279BA034007C5E6A /* WalletListViewController.swift */; };
/* End PBXBuildFile section */

/* Begin PBXContainerItemProxy section */
		1B750A9E279A0394002F92BE /* PBXContainerItemProxy */ = {
			isa = PBXContainerItemProxy;
			containerPortal = 1B750A7F279A0393002F92BE /* Project object */;
			proxyType = 1;
			remoteGlobalIDString = 1B750A86279A0393002F92BE;
			remoteInfo = "Bitpanda Task";
		};
/* End PBXContainerItemProxy section */

/* Begin PBXFileReference section */
		1B601615279F142C009A27ED /* WalletAssetTableViewCell.swift */ = {isa = PBXFileReference; lastKnownFileType = sourcecode.swift; path = WalletAssetTableViewCell.swift; sourceTree = "<group>"; };
		1B601618279F1728009A27ED /* AssetType.swift */ = {isa = PBXFileReference; lastKnownFileType = sourcecode.swift; path = AssetType.swift; sourceTree = "<group>"; };
		1B60161C279F6FB6009A27ED /* UIView+Shadow.swift */ = {isa = PBXFileReference; lastKnownFileType = sourcecode.swift; path = "UIView+Shadow.swift"; sourceTree = "<group>"; };
		1B601621279F753E009A27ED /* SplashViewController.swift */ = {isa = PBXFileReference; lastKnownFileType = sourcecode.swift; path = SplashViewController.swift; sourceTree = "<group>"; };
		1B60162427A0941A009A27ED /* Info.plist */ = {isa = PBXFileReference; fileEncoding = 4; lastKnownFileType = text.plist.xml; path = Info.plist; sourceTree = "<group>"; };
		1B60162627A09DD7009A27ED /* Readme.md */ = {isa = PBXFileReference; fileEncoding = 4; lastKnownFileType = net.daringfireball.markdown; path = Readme.md; sourceTree = "<group>"; };
		1B61D7C9279CC0A40035581E /* Commodity.swift */ = {isa = PBXFileReference; lastKnownFileType = sourcecode.swift; path = Commodity.swift; sourceTree = "<group>"; };
		1B61D7CC279CC1570035581E /* Fiat.swift */ = {isa = PBXFileReference; lastKnownFileType = sourcecode.swift; path = Fiat.swift; sourceTree = "<group>"; };
		1B61D7CE279CC17A0035581E /* AssetInterface.swift */ = {isa = PBXFileReference; lastKnownFileType = sourcecode.swift; path = AssetInterface.swift; sourceTree = "<group>"; };
		1B61D7D0279CC1AA0035581E /* WalletInterface.swift */ = {isa = PBXFileReference; lastKnownFileType = sourcecode.swift; path = WalletInterface.swift; sourceTree = "<group>"; };
		1B61D7D2279CC1F20035581E /* CommodityWallet.swift */ = {isa = PBXFileReference; lastKnownFileType = sourcecode.swift; path = CommodityWallet.swift; sourceTree = "<group>"; };
		1B61D7DB279CF5DA0035581E /* FiatWallet.swift */ = {isa = PBXFileReference; lastKnownFileType = sourcecode.swift; name = FiatWallet.swift; path = ../../../../../Downloads/FiatWallet.swift; sourceTree = "<group>"; };
		1B750A87279A0393002F92BE /* Bitpanda Task.app */ = {isa = PBXFileReference; explicitFileType = wrapper.application; includeInIndex = 0; path = "Bitpanda Task.app"; sourceTree = BUILT_PRODUCTS_DIR; };
		1B750A8A279A0393002F92BE /* AppDelegate.swift */ = {isa = PBXFileReference; lastKnownFileType = sourcecode.swift; path = AppDelegate.swift; sourceTree = "<group>"; };
		1B750A8C279A0393002F92BE /* SceneDelegate.swift */ = {isa = PBXFileReference; lastKnownFileType = sourcecode.swift; path = SceneDelegate.swift; sourceTree = "<group>"; };
		1B750A93279A0394002F92BE /* Assets.xcassets */ = {isa = PBXFileReference; lastKnownFileType = folder.assetcatalog; path = Assets.xcassets; sourceTree = "<group>"; };
		1B750A96279A0394002F92BE /* Base */ = {isa = PBXFileReference; lastKnownFileType = file.storyboard; name = Base; path = Base.lproj/LaunchScreen.storyboard; sourceTree = "<group>"; };
		1B750A9D279A0394002F92BE /* Bitpanda TaskTests.xctest */ = {isa = PBXFileReference; explicitFileType = wrapper.cfbundle; includeInIndex = 0; path = "Bitpanda TaskTests.xctest"; sourceTree = BUILT_PRODUCTS_DIR; };
		1B750AA1279A0394002F92BE /* Bitpanda_TaskTests.swift */ = {isa = PBXFileReference; lastKnownFileType = sourcecode.swift; path = Bitpanda_TaskTests.swift; sourceTree = "<group>"; };
		1B750ABA279A0633002F92BE /* TabBarController.swift */ = {isa = PBXFileReference; lastKnownFileType = sourcecode.swift; path = TabBarController.swift; sourceTree = "<group>"; };
		1B750ABC279A1129002F92BE /* DataManager.swift */ = {isa = PBXFileReference; lastKnownFileType = sourcecode.swift; path = DataManager.swift; sourceTree = "<group>"; };
		1B750ABE279A220B002F92BE /* Mastrerdata.json */ = {isa = PBXFileReference; fileEncoding = 4; lastKnownFileType = text.json; path = Mastrerdata.json; sourceTree = "<group>"; };
		1B750AC0279B0369002F92BE /* UserData.swift */ = {isa = PBXFileReference; lastKnownFileType = sourcecode.swift; path = UserData.swift; sourceTree = "<group>"; };
		1B750AC2279B03AC002F92BE /* AssetsViewController.swift */ = {isa = PBXFileReference; lastKnownFileType = sourcecode.swift; path = AssetsViewController.swift; sourceTree = "<group>"; };
		1B750AC4279B0DEA002F92BE /* AssetTableViewCell.swift */ = {isa = PBXFileReference; fileEncoding = 4; lastKnownFileType = sourcecode.swift; path = AssetTableViewCell.swift; sourceTree = "<group>"; };
		1B79B19D279B1ACD009D6E3F /* SVGProcessor.swift */ = {isa = PBXFileReference; lastKnownFileType = sourcecode.swift; path = SVGProcessor.swift; sourceTree = "<group>"; };
		1BB64FB6279D9C5B00929CB9 /* SearchableTableViewController.swift */ = {isa = PBXFileReference; lastKnownFileType = sourcecode.swift; path = SearchableTableViewController.swift; sourceTree = "<group>"; };
		1BB64FB9279DA07600929CB9 /* SearchableDataSource.swift */ = {isa = PBXFileReference; lastKnownFileType = sourcecode.swift; path = SearchableDataSource.swift; sourceTree = "<group>"; };
		1BB64FBB279DA0FD00929CB9 /* WalletListDataSource.swift */ = {isa = PBXFileReference; lastKnownFileType = sourcecode.swift; path = WalletListDataSource.swift; sourceTree = "<group>"; };
		1BB64FC3279DBBC500929CB9 /* WalletsViewController.swift */ = {isa = PBXFileReference; lastKnownFileType = sourcecode.swift; path = WalletsViewController.swift; sourceTree = "<group>"; };
		1BB64FC7279DE95500929CB9 /* WalletTypeCardView.swift */ = {isa = PBXFileReference; lastKnownFileType = sourcecode.swift; path = WalletTypeCardView.swift; sourceTree = "<group>"; };
		1BE7B8A7279B3687007C5E6A /* AssetListDataSource.swift */ = {isa = PBXFileReference; fileEncoding = 4; lastKnownFileType = sourcecode.swift; path = AssetListDataSource.swift; sourceTree = "<group>"; };
		1BE7B8A9279B4B17007C5E6A /* AppColors.swift */ = {isa = PBXFileReference; lastKnownFileType = sourcecode.swift; path = AppColors.swift; sourceTree = "<group>"; };
		1BE7B8AD279B850D007C5E6A /* DataFormatter.swift */ = {isa = PBXFileReference; lastKnownFileType = sourcecode.swift; path = DataFormatter.swift; sourceTree = "<group>"; };
		1BE7B8B4279BA034007C5E6A /* WalletListViewController.swift */ = {isa = PBXFileReference; lastKnownFileType = sourcecode.swift; path = WalletListViewController.swift; sourceTree = "<group>"; };
/* End PBXFileReference section */

/* Begin PBXFrameworksBuildPhase section */
		1B750A84279A0393002F92BE /* Frameworks */ = {
			isa = PBXFrameworksBuildPhase;
			buildActionMask = 2147483647;
			files = (
				1B79B199279B1455009D6E3F /* Kingfisher in Frameworks */,
				1B79B19C279B1A71009D6E3F /* PocketSVG in Frameworks */,
			);
			runOnlyForDeploymentPostprocessing = 0;
		};
		1B750A9A279A0394002F92BE /* Frameworks */ = {
			isa = PBXFrameworksBuildPhase;
			buildActionMask = 2147483647;
			files = (
			);
			runOnlyForDeploymentPostprocessing = 0;
		};
/* End PBXFrameworksBuildPhase section */

/* Begin PBXGroup section */
		1B601617279F1435009A27ED /* Cells */ = {
			isa = PBXGroup;
			children = (
				1B601615279F142C009A27ED /* WalletAssetTableViewCell.swift */,
			);
			path = Cells;
			sourceTree = "<group>";
		};
		1B60161E279F6FD0009A27ED /* Helpers */ = {
			isa = PBXGroup;
			children = (
				1B79B19D279B1ACD009D6E3F /* SVGProcessor.swift */,
				1B60161C279F6FB6009A27ED /* UIView+Shadow.swift */,
			);
			path = Helpers;
			sourceTree = "<group>";
		};
		1B60162327A06497009A27ED /* Launch */ = {
			isa = PBXGroup;
			children = (
				1B750A95279A0394002F92BE /* LaunchScreen.storyboard */,
				1B601621279F753E009A27ED /* SplashViewController.swift */,
			);
			path = Launch;
			sourceTree = "<group>";
		};
		1B61D7CB279CC0B70035581E /* Assets */ = {
			isa = PBXGroup;
			children = (
				1B61D7CE279CC17A0035581E /* AssetInterface.swift */,
				1B61D7C9279CC0A40035581E /* Commodity.swift */,
				1B61D7CC279CC1570035581E /* Fiat.swift */,
				1B601618279F1728009A27ED /* AssetType.swift */,
			);
			path = Assets;
			sourceTree = "<group>";
		};
		1B61D7D6279CED1E0035581E /* Wallets */ = {
			isa = PBXGroup;
			children = (
				1B61D7D0279CC1AA0035581E /* WalletInterface.swift */,
				1B61D7DB279CF5DA0035581E /* FiatWallet.swift */,
				1B61D7D2279CC1F20035581E /* CommodityWallet.swift */,
			);
			path = Wallets;
			sourceTree = "<group>";
		};
		1B750A7E279A0393002F92BE = {
			isa = PBXGroup;
			children = (
				1B60162627A09DD7009A27ED /* Readme.md */,
				1B750A89279A0393002F92BE /* Bitpanda Task */,
				1B750AA0279A0394002F92BE /* Bitpanda TaskTests */,
				1B750A88279A0393002F92BE /* Products */,
			);
			sourceTree = "<group>";
		};
		1B750A88279A0393002F92BE /* Products */ = {
			isa = PBXGroup;
			children = (
				1B750A87279A0393002F92BE /* Bitpanda Task.app */,
				1B750A9D279A0394002F92BE /* Bitpanda TaskTests.xctest */,
			);
			name = Products;
			sourceTree = "<group>";
		};
		1B750A89279A0393002F92BE /* Bitpanda Task */ = {
			isa = PBXGroup;
			children = (
				1B750A8A279A0393002F92BE /* AppDelegate.swift */,
				1B750A8C279A0393002F92BE /* SceneDelegate.swift */,
				1B750ABC279A1129002F92BE /* DataManager.swift */,
				1BE7B8AD279B850D007C5E6A /* DataFormatter.swift */,
				1BE7B8AF279B8539007C5E6A /* Resources */,
				1BE7B8B2279B859E007C5E6A /* Models */,
				1BE7B8B0279B855F007C5E6A /* Views */,
			);
			path = "Bitpanda Task";
			sourceTree = "<group>";
		};
		1B750AA0279A0394002F92BE /* Bitpanda TaskTests */ = {
			isa = PBXGroup;
			children = (
				1B750AA1279A0394002F92BE /* Bitpanda_TaskTests.swift */,
			);
			path = "Bitpanda TaskTests";
			sourceTree = "<group>";
		};
		1BB64FB8279DA04300929CB9 /* SearchableTableView */ = {
			isa = PBXGroup;
			children = (
				1BB64FB6279D9C5B00929CB9 /* SearchableTableViewController.swift */,
				1BB64FB9279DA07600929CB9 /* SearchableDataSource.swift */,
			);
			path = SearchableTableView;
			sourceTree = "<group>";
		};
		1BB64FC9279E018400929CB9 /* Wallets List */ = {
			isa = PBXGroup;
			children = (
				1BE7B8B4279BA034007C5E6A /* WalletListViewController.swift */,
				1BB64FBB279DA0FD00929CB9 /* WalletListDataSource.swift */,
				1B601617279F1435009A27ED /* Cells */,
			);
			path = "Wallets List";
			sourceTree = "<group>";
		};
		1BE7B8AF279B8539007C5E6A /* Resources */ = {
			isa = PBXGroup;
			children = (
				1B60162427A0941A009A27ED /* Info.plist */,
				1B750ABE279A220B002F92BE /* Mastrerdata.json */,
				1BE7B8A9279B4B17007C5E6A /* AppColors.swift */,
				1B750A93279A0394002F92BE /* Assets.xcassets */,
			);
			path = Resources;
			sourceTree = "<group>";
		};
		1BE7B8B0279B855F007C5E6A /* Views */ = {
			isa = PBXGroup;
			children = (
				1B750ABA279A0633002F92BE /* TabBarController.swift */,
				1B60162327A06497009A27ED /* Launch */,
				1BB64FB8279DA04300929CB9 /* SearchableTableView */,
				1BE7B8B1279B856A007C5E6A /* Assets Screen */,
				1BE7B8B6279C3991007C5E6A /* Wallets Screen */,
				1B60161E279F6FD0009A27ED /* Helpers */,
			);
			path = Views;
			sourceTree = "<group>";
		};
		1BE7B8B1279B856A007C5E6A /* Assets Screen */ = {
			isa = PBXGroup;
			children = (
				1B750AC2279B03AC002F92BE /* AssetsViewController.swift */,
				1BE7B8A7279B3687007C5E6A /* AssetListDataSource.swift */,
				1BE7B8B3279B85C5007C5E6A /* Cells */,
			);
			path = "Assets Screen";
			sourceTree = "<group>";
		};
		1BE7B8B2279B859E007C5E6A /* Models */ = {
			isa = PBXGroup;
			children = (
				1B750AC0279B0369002F92BE /* UserData.swift */,
				1B61D7D6279CED1E0035581E /* Wallets */,
				1B61D7CB279CC0B70035581E /* Assets */,
			);
			path = Models;
			sourceTree = "<group>";
		};
		1BE7B8B3279B85C5007C5E6A /* Cells */ = {
			isa = PBXGroup;
			children = (
				1B750AC4279B0DEA002F92BE /* AssetTableViewCell.swift */,
			);
			path = Cells;
			sourceTree = "<group>";
		};
		1BE7B8B6279C3991007C5E6A /* Wallets Screen */ = {
			isa = PBXGroup;
			children = (
				1BB64FC3279DBBC500929CB9 /* WalletsViewController.swift */,
				1BB64FC7279DE95500929CB9 /* WalletTypeCardView.swift */,
				1BB64FC9279E018400929CB9 /* Wallets List */,
			);
			path = "Wallets Screen";
			sourceTree = "<group>";
		};
/* End PBXGroup section */

/* Begin PBXNativeTarget section */
		1B750A86279A0393002F92BE /* Bitpanda Task */ = {
			isa = PBXNativeTarget;
			buildConfigurationList = 1B750AB1279A0394002F92BE /* Build configuration list for PBXNativeTarget "Bitpanda Task" */;
			buildPhases = (
				1B750A83279A0393002F92BE /* Sources */,
				1B750A84279A0393002F92BE /* Frameworks */,
				1B750A85279A0393002F92BE /* Resources */,
			);
			buildRules = (
			);
			dependencies = (
			);
			name = "Bitpanda Task";
			packageProductDependencies = (
				1B79B198279B1455009D6E3F /* Kingfisher */,
				1B79B19B279B1A71009D6E3F /* PocketSVG */,
			);
			productName = "Bitpanda Task";
			productReference = 1B750A87279A0393002F92BE /* Bitpanda Task.app */;
			productType = "com.apple.product-type.application";
		};
		1B750A9C279A0394002F92BE /* Bitpanda TaskTests */ = {
			isa = PBXNativeTarget;
			buildConfigurationList = 1B750AB4279A0394002F92BE /* Build configuration list for PBXNativeTarget "Bitpanda TaskTests" */;
			buildPhases = (
				1B750A99279A0394002F92BE /* Sources */,
				1B750A9A279A0394002F92BE /* Frameworks */,
				1B750A9B279A0394002F92BE /* Resources */,
			);
			buildRules = (
			);
			dependencies = (
				1B750A9F279A0394002F92BE /* PBXTargetDependency */,
			);
			name = "Bitpanda TaskTests";
			productName = "Bitpanda TaskTests";
			productReference = 1B750A9D279A0394002F92BE /* Bitpanda TaskTests.xctest */;
			productType = "com.apple.product-type.bundle.unit-test";
		};
/* End PBXNativeTarget section */

/* Begin PBXProject section */
		1B750A7F279A0393002F92BE /* Project object */ = {
			isa = PBXProject;
			attributes = {
				BuildIndependentTargetsInParallel = 1;
				LastSwiftUpdateCheck = 1320;
				LastUpgradeCheck = 1320;
				TargetAttributes = {
					1B750A86279A0393002F92BE = {
						CreatedOnToolsVersion = 13.2.1;
					};
					1B750A9C279A0394002F92BE = {
						CreatedOnToolsVersion = 13.2.1;
						TestTargetID = 1B750A86279A0393002F92BE;
					};
				};
			};
			buildConfigurationList = 1B750A82279A0393002F92BE /* Build configuration list for PBXProject "Bitpanda Task" */;
			compatibilityVersion = "Xcode 13.0";
			developmentRegion = en;
			hasScannedForEncodings = 0;
			knownRegions = (
				en,
				Base,
			);
			mainGroup = 1B750A7E279A0393002F92BE;
			packageReferences = (
				1B79B197279B1455009D6E3F /* XCRemoteSwiftPackageReference "Kingfisher" */,
				1B79B19A279B1A71009D6E3F /* XCRemoteSwiftPackageReference "PocketSVG" */,
			);
			productRefGroup = 1B750A88279A0393002F92BE /* Products */;
			projectDirPath = "";
			projectRoot = "";
			targets = (
				1B750A86279A0393002F92BE /* Bitpanda Task */,
				1B750A9C279A0394002F92BE /* Bitpanda TaskTests */,
			);
		};
/* End PBXProject section */

/* Begin PBXResourcesBuildPhase section */
		1B750A85279A0393002F92BE /* Resources */ = {
			isa = PBXResourcesBuildPhase;
			buildActionMask = 2147483647;
			files = (
				1B750A97279A0394002F92BE /* LaunchScreen.storyboard in Resources */,
				1B750A94279A0394002F92BE /* Assets.xcassets in Resources */,
				1B60162727A09DD7009A27ED /* Readme.md in Resources */,
				1B750ABF279A220B002F92BE /* Mastrerdata.json in Resources */,
			);
			runOnlyForDeploymentPostprocessing = 0;
		};
		1B750A9B279A0394002F92BE /* Resources */ = {
			isa = PBXResourcesBuildPhase;
			buildActionMask = 2147483647;
			files = (
			);
			runOnlyForDeploymentPostprocessing = 0;
		};
/* End PBXResourcesBuildPhase section */

/* Begin PBXSourcesBuildPhase section */
		1B750A83279A0393002F92BE /* Sources */ = {
			isa = PBXSourcesBuildPhase;
			buildActionMask = 2147483647;
			files = (
				1B601619279F1728009A27ED /* AssetType.swift in Sources */,
				1BB64FBC279DA0FD00929CB9 /* WalletListDataSource.swift in Sources */,
				1B60161D279F6FB6009A27ED /* UIView+Shadow.swift in Sources */,
				1B750AC1279B0369002F92BE /* UserData.swift in Sources */,
				1BE7B8AA279B4B17007C5E6A /* AppColors.swift in Sources */,
				1B750ABD279A1129002F92BE /* DataManager.swift in Sources */,
				1BB64FBA279DA07600929CB9 /* SearchableDataSource.swift in Sources */,
				1B61D7D3279CC1F20035581E /* CommodityWallet.swift in Sources */,
				1BB64FC8279DE95500929CB9 /* WalletTypeCardView.swift in Sources */,
				1B601616279F142C009A27ED /* WalletAssetTableViewCell.swift in Sources */,
				1B750ABB279A0633002F92BE /* TabBarController.swift in Sources */,
				1B61D7CF279CC17A0035581E /* AssetInterface.swift in Sources */,
				1BE7B8A8279B3687007C5E6A /* AssetListDataSource.swift in Sources */,
				1B61D7DC279CF5DA0035581E /* FiatWallet.swift in Sources */,
				1B750A8B279A0393002F92BE /* AppDelegate.swift in Sources */,
				1BB64FC4279DBBC500929CB9 /* WalletsViewController.swift in Sources */,
				1B750A8D279A0393002F92BE /* SceneDelegate.swift in Sources */,
				1BE7B8AE279B850D007C5E6A /* DataFormatter.swift in Sources */,
				1B601622279F753E009A27ED /* SplashViewController.swift in Sources */,
				1B61D7CA279CC0A40035581E /* Commodity.swift in Sources */,
				1B79B19E279B1ACD009D6E3F /* SVGProcessor.swift in Sources */,
				1B61D7CD279CC1570035581E /* Fiat.swift in Sources */,
				1BB64FB7279D9C5B00929CB9 /* SearchableTableViewController.swift in Sources */,
				1B750AC3279B03AC002F92BE /* AssetsViewController.swift in Sources */,
				1B750AC5279B0DEA002F92BE /* AssetTableViewCell.swift in Sources */,
				1B61D7D1279CC1AA0035581E /* WalletInterface.swift in Sources */,
				1BE7B8B5279BA034007C5E6A /* WalletListViewController.swift in Sources */,
			);
			runOnlyForDeploymentPostprocessing = 0;
		};
		1B750A99279A0394002F92BE /* Sources */ = {
			isa = PBXSourcesBuildPhase;
			buildActionMask = 2147483647;
			files = (
				1B750AA2279A0394002F92BE /* Bitpanda_TaskTests.swift in Sources */,
			);
			runOnlyForDeploymentPostprocessing = 0;
		};
/* End PBXSourcesBuildPhase section */

/* Begin PBXTargetDependency section */
		1B750A9F279A0394002F92BE /* PBXTargetDependency */ = {
			isa = PBXTargetDependency;
			target = 1B750A86279A0393002F92BE /* Bitpanda Task */;
			targetProxy = 1B750A9E279A0394002F92BE /* PBXContainerItemProxy */;
		};
/* End PBXTargetDependency section */

/* Begin PBXVariantGroup section */
		1B750A95279A0394002F92BE /* LaunchScreen.storyboard */ = {
			isa = PBXVariantGroup;
			children = (
				1B750A96279A0394002F92BE /* Base */,
			);
			name = LaunchScreen.storyboard;
			sourceTree = "<group>";
		};
/* End PBXVariantGroup section */

/* Begin XCBuildConfiguration section */
		1B750AAF279A0394002F92BE /* Debug */ = {
			isa = XCBuildConfiguration;
			buildSettings = {
				ALWAYS_SEARCH_USER_PATHS = NO;
				CLANG_ANALYZER_NONNULL = YES;
				CLANG_ANALYZER_NUMBER_OBJECT_CONVERSION = YES_AGGRESSIVE;
				CLANG_CXX_LANGUAGE_STANDARD = "gnu++17";
				CLANG_CXX_LIBRARY = "libc++";
				CLANG_ENABLE_MODULES = YES;
				CLANG_ENABLE_OBJC_ARC = YES;
				CLANG_ENABLE_OBJC_WEAK = YES;
				CLANG_WARN_BLOCK_CAPTURE_AUTORELEASING = YES;
				CLANG_WARN_BOOL_CONVERSION = YES;
				CLANG_WARN_COMMA = YES;
				CLANG_WARN_CONSTANT_CONVERSION = YES;
				CLANG_WARN_DEPRECATED_OBJC_IMPLEMENTATIONS = YES;
				CLANG_WARN_DIRECT_OBJC_ISA_USAGE = YES_ERROR;
				CLANG_WARN_DOCUMENTATION_COMMENTS = YES;
				CLANG_WARN_EMPTY_BODY = YES;
				CLANG_WARN_ENUM_CONVERSION = YES;
				CLANG_WARN_INFINITE_RECURSION = YES;
				CLANG_WARN_INT_CONVERSION = YES;
				CLANG_WARN_NON_LITERAL_NULL_CONVERSION = YES;
				CLANG_WARN_OBJC_IMPLICIT_RETAIN_SELF = YES;
				CLANG_WARN_OBJC_LITERAL_CONVERSION = YES;
				CLANG_WARN_OBJC_ROOT_CLASS = YES_ERROR;
				CLANG_WARN_QUOTED_INCLUDE_IN_FRAMEWORK_HEADER = YES;
				CLANG_WARN_RANGE_LOOP_ANALYSIS = YES;
				CLANG_WARN_STRICT_PROTOTYPES = YES;
				CLANG_WARN_SUSPICIOUS_MOVE = YES;
				CLANG_WARN_UNGUARDED_AVAILABILITY = YES_AGGRESSIVE;
				CLANG_WARN_UNREACHABLE_CODE = YES;
				CLANG_WARN__DUPLICATE_METHOD_MATCH = YES;
				COPY_PHASE_STRIP = NO;
				DEBUG_INFORMATION_FORMAT = dwarf;
				ENABLE_STRICT_OBJC_MSGSEND = YES;
				ENABLE_TESTABILITY = YES;
				GCC_C_LANGUAGE_STANDARD = gnu11;
				GCC_DYNAMIC_NO_PIC = NO;
				GCC_NO_COMMON_BLOCKS = YES;
				GCC_OPTIMIZATION_LEVEL = 0;
				GCC_PREPROCESSOR_DEFINITIONS = (
					"DEBUG=1",
					"$(inherited)",
				);
				GCC_WARN_64_TO_32_BIT_CONVERSION = YES;
				GCC_WARN_ABOUT_RETURN_TYPE = YES_ERROR;
				GCC_WARN_UNDECLARED_SELECTOR = YES;
				GCC_WARN_UNINITIALIZED_AUTOS = YES_AGGRESSIVE;
				GCC_WARN_UNUSED_FUNCTION = YES;
				GCC_WARN_UNUSED_VARIABLE = YES;
				IPHONEOS_DEPLOYMENT_TARGET = 13.0;
				MTL_ENABLE_DEBUG_INFO = INCLUDE_SOURCE;
				MTL_FAST_MATH = YES;
				ONLY_ACTIVE_ARCH = YES;
				SDKROOT = iphoneos;
				SWIFT_ACTIVE_COMPILATION_CONDITIONS = DEBUG;
				SWIFT_OPTIMIZATION_LEVEL = "-Onone";
			};
			name = Debug;
		};
		1B750AB0279A0394002F92BE /* Release */ = {
			isa = XCBuildConfiguration;
			buildSettings = {
				ALWAYS_SEARCH_USER_PATHS = NO;
				CLANG_ANALYZER_NONNULL = YES;
				CLANG_ANALYZER_NUMBER_OBJECT_CONVERSION = YES_AGGRESSIVE;
				CLANG_CXX_LANGUAGE_STANDARD = "gnu++17";
				CLANG_CXX_LIBRARY = "libc++";
				CLANG_ENABLE_MODULES = YES;
				CLANG_ENABLE_OBJC_ARC = YES;
				CLANG_ENABLE_OBJC_WEAK = YES;
				CLANG_WARN_BLOCK_CAPTURE_AUTORELEASING = YES;
				CLANG_WARN_BOOL_CONVERSION = YES;
				CLANG_WARN_COMMA = YES;
				CLANG_WARN_CONSTANT_CONVERSION = YES;
				CLANG_WARN_DEPRECATED_OBJC_IMPLEMENTATIONS = YES;
				CLANG_WARN_DIRECT_OBJC_ISA_USAGE = YES_ERROR;
				CLANG_WARN_DOCUMENTATION_COMMENTS = YES;
				CLANG_WARN_EMPTY_BODY = YES;
				CLANG_WARN_ENUM_CONVERSION = YES;
				CLANG_WARN_INFINITE_RECURSION = YES;
				CLANG_WARN_INT_CONVERSION = YES;
				CLANG_WARN_NON_LITERAL_NULL_CONVERSION = YES;
				CLANG_WARN_OBJC_IMPLICIT_RETAIN_SELF = YES;
				CLANG_WARN_OBJC_LITERAL_CONVERSION = YES;
				CLANG_WARN_OBJC_ROOT_CLASS = YES_ERROR;
				CLANG_WARN_QUOTED_INCLUDE_IN_FRAMEWORK_HEADER = YES;
				CLANG_WARN_RANGE_LOOP_ANALYSIS = YES;
				CLANG_WARN_STRICT_PROTOTYPES = YES;
				CLANG_WARN_SUSPICIOUS_MOVE = YES;
				CLANG_WARN_UNGUARDED_AVAILABILITY = YES_AGGRESSIVE;
				CLANG_WARN_UNREACHABLE_CODE = YES;
				CLANG_WARN__DUPLICATE_METHOD_MATCH = YES;
				COPY_PHASE_STRIP = NO;
				DEBUG_INFORMATION_FORMAT = "dwarf-with-dsym";
				ENABLE_NS_ASSERTIONS = NO;
				ENABLE_STRICT_OBJC_MSGSEND = YES;
				GCC_C_LANGUAGE_STANDARD = gnu11;
				GCC_NO_COMMON_BLOCKS = YES;
				GCC_WARN_64_TO_32_BIT_CONVERSION = YES;
				GCC_WARN_ABOUT_RETURN_TYPE = YES_ERROR;
				GCC_WARN_UNDECLARED_SELECTOR = YES;
				GCC_WARN_UNINITIALIZED_AUTOS = YES_AGGRESSIVE;
				GCC_WARN_UNUSED_FUNCTION = YES;
				GCC_WARN_UNUSED_VARIABLE = YES;
				IPHONEOS_DEPLOYMENT_TARGET = 13.0;
				MTL_ENABLE_DEBUG_INFO = NO;
				MTL_FAST_MATH = YES;
				SDKROOT = iphoneos;
				SWIFT_COMPILATION_MODE = wholemodule;
				SWIFT_OPTIMIZATION_LEVEL = "-O";
				VALIDATE_PRODUCT = YES;
			};
			name = Release;
		};
		1B750AB2279A0394002F92BE /* Debug */ = {
			isa = XCBuildConfiguration;
			buildSettings = {
				ASSETCATALOG_COMPILER_APPICON_NAME = AppIcon;
				ASSETCATALOG_COMPILER_GLOBAL_ACCENT_COLOR_NAME = AccentColor;
				CODE_SIGN_STYLE = Automatic;
				CURRENT_PROJECT_VERSION = 1;
				DEVELOPMENT_TEAM = 4FWWLJ39J9;
				GENERATE_INFOPLIST_FILE = YES;
				INFOPLIST_FILE = "Bitpanda Task/Resources/Info.plist";
				INFOPLIST_KEY_UIApplicationSupportsIndirectInputEvents = YES;
				INFOPLIST_KEY_UILaunchStoryboardName = LaunchScreen;
				INFOPLIST_KEY_UIRequiresFullScreen = YES;
				INFOPLIST_KEY_UISupportedInterfaceOrientations = UIInterfaceOrientationPortrait;
				INFOPLIST_KEY_UISupportedInterfaceOrientations_iPad = "UIInterfaceOrientationPortrait UIInterfaceOrientationPortraitUpsideDown";
				INFOPLIST_KEY_UISupportedInterfaceOrientations_iPhone = UIInterfaceOrientationPortrait;
				IPHONEOS_DEPLOYMENT_TARGET = 13.0;
				LD_RUNPATH_SEARCH_PATHS = (
					"$(inherited)",
					"@executable_path/Frameworks",
				);
				MARKETING_VERSION = 1.0;
				PRODUCT_BUNDLE_IDENTIFIER = "dos.Bitpanda-Task";
				PRODUCT_NAME = "$(TARGET_NAME)";
				SWIFT_EMIT_LOC_STRINGS = YES;
				SWIFT_VERSION = 5.0;
				TARGETED_DEVICE_FAMILY = "1,2";
			};
			name = Debug;
		};
		1B750AB3279A0394002F92BE /* Release */ = {
			isa = XCBuildConfiguration;
			buildSettings = {
				ASSETCATALOG_COMPILER_APPICON_NAME = AppIcon;
				ASSETCATALOG_COMPILER_GLOBAL_ACCENT_COLOR_NAME = AccentColor;
				CODE_SIGN_STYLE = Automatic;
				CURRENT_PROJECT_VERSION = 1;
				DEVELOPMENT_TEAM = 4FWWLJ39J9;
				GENERATE_INFOPLIST_FILE = YES;
				INFOPLIST_FILE = "Bitpanda Task/Resources/Info.plist";
				INFOPLIST_KEY_UIApplicationSupportsIndirectInputEvents = YES;
				INFOPLIST_KEY_UILaunchStoryboardName = LaunchScreen;
				INFOPLIST_KEY_UIRequiresFullScreen = YES;
				INFOPLIST_KEY_UISupportedInterfaceOrientations = UIInterfaceOrientationPortrait;
				INFOPLIST_KEY_UISupportedInterfaceOrientations_iPad = "UIInterfaceOrientationPortrait UIInterfaceOrientationPortraitUpsideDown";
				INFOPLIST_KEY_UISupportedInterfaceOrientations_iPhone = UIInterfaceOrientationPortrait;
				IPHONEOS_DEPLOYMENT_TARGET = 13.0;
				LD_RUNPATH_SEARCH_PATHS = (
					"$(inherited)",
					"@executable_path/Frameworks",
				);
				MARKETING_VERSION = 1.0;
				PRODUCT_BUNDLE_IDENTIFIER = "dos.Bitpanda-Task";
				PRODUCT_NAME = "$(TARGET_NAME)";
				SWIFT_EMIT_LOC_STRINGS = YES;
				SWIFT_VERSION = 5.0;
				TARGETED_DEVICE_FAMILY = "1,2";
			};
			name = Release;
		};
		1B750AB5279A0394002F92BE /* Debug */ = {
			isa = XCBuildConfiguration;
			buildSettings = {
				ALWAYS_EMBED_SWIFT_STANDARD_LIBRARIES = YES;
				BUNDLE_LOADER = "$(TEST_HOST)";
				CODE_SIGN_STYLE = Automatic;
				CURRENT_PROJECT_VERSION = 1;
				DEVELOPMENT_TEAM = 4FWWLJ39J9;
				GENERATE_INFOPLIST_FILE = YES;
				IPHONEOS_DEPLOYMENT_TARGET = 13.0;
				MARKETING_VERSION = 1.0;
				PRODUCT_BUNDLE_IDENTIFIER = "dos.Bitpanda-TaskTests";
				PRODUCT_NAME = "$(TARGET_NAME)";
				SWIFT_EMIT_LOC_STRINGS = NO;
				SWIFT_VERSION = 5.0;
				TARGETED_DEVICE_FAMILY = "1,2";
				TEST_HOST = "$(BUILT_PRODUCTS_DIR)/Bitpanda Task.app/Bitpanda Task";
			};
			name = Debug;
		};
		1B750AB6279A0394002F92BE /* Release */ = {
			isa = XCBuildConfiguration;
			buildSettings = {
				ALWAYS_EMBED_SWIFT_STANDARD_LIBRARIES = YES;
				BUNDLE_LOADER = "$(TEST_HOST)";
				CODE_SIGN_STYLE = Automatic;
				CURRENT_PROJECT_VERSION = 1;
				DEVELOPMENT_TEAM = 4FWWLJ39J9;
				GENERATE_INFOPLIST_FILE = YES;
				IPHONEOS_DEPLOYMENT_TARGET = 13.0;
				MARKETING_VERSION = 1.0;
				PRODUCT_BUNDLE_IDENTIFIER = "dos.Bitpanda-TaskTests";
				PRODUCT_NAME = "$(TARGET_NAME)";
				SWIFT_EMIT_LOC_STRINGS = NO;
				SWIFT_VERSION = 5.0;
				TARGETED_DEVICE_FAMILY = "1,2";
				TEST_HOST = "$(BUILT_PRODUCTS_DIR)/Bitpanda Task.app/Bitpanda Task";
			};
			name = Release;
		};
/* End XCBuildConfiguration section */

/* Begin XCConfigurationList section */
		1B750A82279A0393002F92BE /* Build configuration list for PBXProject "Bitpanda Task" */ = {
			isa = XCConfigurationList;
			buildConfigurations = (
				1B750AAF279A0394002F92BE /* Debug */,
				1B750AB0279A0394002F92BE /* Release */,
			);
			defaultConfigurationIsVisible = 0;
			defaultConfigurationName = Release;
		};
		1B750AB1279A0394002F92BE /* Build configuration list for PBXNativeTarget "Bitpanda Task" */ = {
			isa = XCConfigurationList;
			buildConfigurations = (
				1B750AB2279A0394002F92BE /* Debug */,
				1B750AB3279A0394002F92BE /* Release */,
			);
			defaultConfigurationIsVisible = 0;
			defaultConfigurationName = Release;
		};
		1B750AB4279A0394002F92BE /* Build configuration list for PBXNativeTarget "Bitpanda TaskTests" */ = {
			isa = XCConfigurationList;
			buildConfigurations = (
				1B750AB5279A0394002F92BE /* Debug */,
				1B750AB6279A0394002F92BE /* Release */,
			);
			defaultConfigurationIsVisible = 0;
			defaultConfigurationName = Release;
		};
/* End XCConfigurationList section */

/* Begin XCRemoteSwiftPackageReference section */
		1B79B197279B1455009D6E3F /* XCRemoteSwiftPackageReference "Kingfisher" */ = {
			isa = XCRemoteSwiftPackageReference;
			repositoryURL = "https://github.com/onevcat/Kingfisher.git";
			requirement = {
				kind = upToNextMajorVersion;
				minimumVersion = 7.0.0;
			};
		};
		1B79B19A279B1A71009D6E3F /* XCRemoteSwiftPackageReference "PocketSVG" */ = {
			isa = XCRemoteSwiftPackageReference;
			repositoryURL = "https://github.com/pocketsvg/PocketSVG.git";
			requirement = {
				kind = upToNextMajorVersion;
				minimumVersion = 2.6.0;
			};
		};
/* End XCRemoteSwiftPackageReference section */

/* Begin XCSwiftPackageProductDependency section */
		1B79B198279B1455009D6E3F /* Kingfisher */ = {
			isa = XCSwiftPackageProductDependency;
			package = 1B79B197279B1455009D6E3F /* XCRemoteSwiftPackageReference "Kingfisher" */;
			productName = Kingfisher;
		};
		1B79B19B279B1A71009D6E3F /* PocketSVG */ = {
			isa = XCSwiftPackageProductDependency;
			package = 1B79B19A279B1A71009D6E3F /* XCRemoteSwiftPackageReference "PocketSVG" */;
			productName = PocketSVG;
		};
/* End XCSwiftPackageProductDependency section */
	};
	rootObject = 1B750A7F279A0393002F92BE /* Project object */;
}
